{
  "name": "@acme/checkout-api",
  "version": "1.0.0",
  "lockfileVersion": 3,
  "requires": true,
  "packages": {
    "": {
      "name": "@acme/checkout-api",
      "version": "1.0.0",
      "dependencies": {
        "checkout-framework": "2.0.0",
        "checkout-plugin": "1.0.0",
        "shared-codec": "1.0.0"
      },
      "devDependencies": {
        "dev-audit-kit": "1.0.0"
      },
      "optionalDependencies": {
        "optional-metrics": "1.0.0"
      }
    },
    "node_modules/checkout-framework": {
      "version": "2.0.0",
      "resolved": "https://registry.npmjs.org/checkout-framework/-/checkout-framework-2.0.0.tgz",
      "integrity": "sha512-Y2hlY2tvdXQtZnJhbWV3b3JrLTIuMC4wLWZpeHR1cmU=",
      "dependencies": {
        "shared-codec": "2.0.0",
        "telemetry-core": "3.2.0"
      }
    },
    "node_modules/checkout-framework/node_modules/shared-codec": {
      "version": "2.0.0",
      "resolved": "https://registry.npmjs.org/shared-codec/-/shared-codec-2.0.0.tgz",
      "integrity": "sha512-c2hhcmVkLWNvZGVjLTIuMC4wLWZpeHR1cmU="
    },
    "node_modules/checkout-plugin": {
      "version": "1.0.0",
      "resolved": "https://registry.npmjs.org/checkout-plugin/-/checkout-plugin-1.0.0.tgz",
      "integrity": "sha512-Y2hlY2tvdXQtcGx1Z2luLTEuMC4wLWZpeHR1cmU=",
      "peerDependencies": {
        "peer-runtime": "^1.0.0"
      }
    },
    "node_modules/compromised-helper": {
      "version": "1.4.2",
      "resolved": "https://registry.npmjs.org/compromised-helper/-/compromised-helper-1.4.2.tgz",
      "integrity": "sha512-Y29tcHJvbWlzZWQtaGVscGVyLTEuNC4yLWZpeHR1cmU="
    },
    "node_modules/dev-audit-kit": {
      "version": "1.0.0",
      "resolved": "https://registry.npmjs.org/dev-audit-kit/-/dev-audit-kit-1.0.0.tgz",
      "integrity": "sha512-ZGV2LWF1ZGl0LWtpdC0xLjAuMC1maXh0dXJl",
      "dev": true,
      "dependencies": {
        "compromised-helper": "1.4.2"
      }
    },
    "node_modules/optional-metrics": {
      "version": "1.0.0",
      "resolved": "https://registry.npmjs.org/optional-metrics/-/optional-metrics-1.0.0.tgz",
      "integrity": "sha512-b3B0aW9uYWwtbWV0cmljcy0xLjAuMC1maXh0dXJl",
      "optional": true
    },
    "node_modules/peer-runtime": {
      "version": "1.1.0",
      "resolved": "https://registry.npmjs.org/peer-runtime/-/peer-runtime-1.1.0.tgz",
      "integrity": "sha512-cGVlci1ydW50aW1lLTEuMS4wLWZpeHR1cmU=",
      "peer": true
    },
    "node_modules/shared-codec": {
      "version": "1.0.0",
      "resolved": "https://registry.npmjs.org/shared-codec/-/shared-codec-1.0.0.tgz",
      "integrity": "sha512-c2hhcmVkLWNvZGVjLTEuMC4wLWZpeHR1cmU="
    },
    "node_modules/telemetry-core": {
      "version": "3.2.0",
      "resolved": "https://registry.npmjs.org/telemetry-core/-/telemetry-core-3.2.0.tgz",
      "integrity": "sha512-dGVsZW1ldHJ5LWNvcmUtMy4yLjAtZml4dHVyZQ==",
      "dependencies": {
        "compromised-helper": "1.4.2"
      }
    }
  }
}
